<?xml version="1.0" encoding="utf-8"?>
<Project ToolsVersion="4.0" xmlns="http://schemas.microsoft.com/developer/msbuild/2003">
  <ItemGroup>
    <ClCompile Include="lib\cli.ixx" />
    <ClCompile Include="main.cpp" />
    <ClCompile Include="cmd\user\login_cmd.ixx" />
    <ClCompile Include="cmd\user\register_cmd.ixx" />
    <ClCompile Include="cmd\quit_cmd.ixx" />
    <ClCompile Include="service\user\user_service.ixx" />
    <ClCompile Include="cmd\user\whoami_cmd.ixx" />
    <ClCompile Include="service\user\user_service.cpp" />
    <ClCompile Include="lib\guards\role_guard.ixx" />
    <ClCompile Include="service\package\package_service.ixx" />
    <ClCompile Include="service\package\package_service.cpp" />
    <ClCompile Include="cmd\package\get_pkgs_cmd.ixx" />
    <ClCompile Include="cmd\package\send_pkg_cmd.ixx" />
    <ClCompile Include="cmd\package\sign_pkg_cmd.ixx" />
    <ClCompile Include="cmd\user\get_users_cmd.ixx" />
    <ClCompile Include="cmd\user\recharge_cmd.ixx" />
    <ClCompile Include="cmd\package\get_my_pkgs_cmd.ixx" />
    <ClCompile Include="service\courier\courier_service.ixx" />
    <ClCompile Include="service\courier\courier_service.cpp" />
    <ClCompile Include="proto\object_proto.ixx" />
    <ClCompile Include="cmd\package\collect_pkg_cmd.ixx" />
    <ClCompile Include="cmd\courier\create_courier_cmd.ixx" />
    <ClCompile Include="cmd\courier\assign_courier_cmd.ixx" />
    <ClCompile Include="cmd\user\delete_user_cmd.ixx" />
    <ClCompile Include="cmd\user\change_pass_cmd.ixx" />
    <ClCompile Include="lib\socket_stream.ixx" />
    <ClCompile Include="lib\socket_stream.cpp" />
  </ItemGroup>
  <ItemGroup>
    <None Include=".gitignore" />
    <None Include="readme.md" />
  </ItemGroup>
  <ItemGroup>
    <Text Include="tests\test1.in.txt" />
    <Text Include="tests\test2.out.txt" />
  </ItemGroup>
</Project>