<?xml version="1.0" encoding="utf-8"?>
<Project ToolsVersion="4.0" xmlns="http://schemas.microsoft.com/developer/msbuild/2003">
  <ItemGroup>
    <ClCompile Include="lib\cli.ixx" />
    <ClCompile Include="main.cpp" />
    <ClCompile Include="cmd\user\login_cmd.ixx" />
    <ClCompile Include="cmd\user\register_cmd.ixx" />
    <ClCompile Include="cmd\quit_cmd.ixx" />
    <ClCompile Include="service\user_service.ixx" />
    <ClCompile Include="cmd\user\whoami_cmd.ixx" />
  </ItemGroup>
  <ItemGroup>
    <None Include=".gitignore" />
  </ItemGroup>
</Project>